
Microsoft Visual Studio Solution File, Format Version 11.00
# Visual Studio 2010
Project("{FAE04EC0-301F-11D3-BF4B-00C04F79EFBC}") = "Ch10CardLib", "Ch10CardLib\Ch10CardLib.csproj", "{4BB1BE5E-7C10-4D4D-9B8A-648A47569415}"
EndProject
Project("{FAE04EC0-301F-11D3-BF4B-00C04F79EFBC}") = "Ch10CardClient", "Ch10CardClient\Ch10CardClient.csproj", "{8B9E2F20-8A60-4639-8B65-E425F1E8B729}"
EndProject
Global
	GlobalSection(SolutionConfigurationPlatforms) = preSolution
		Debug|Any CPU = Debug|Any CPU
		Debug|Mixed Platforms = Debug|Mixed Platforms
		Debug|x86 = Debug|x86
		Release|Any CPU = Release|Any CPU
		Release|Mixed Platforms = Release|Mixed Platforms
		Release|x86 = Release|x86
	EndGlobalSection
	GlobalSection(ProjectConfigurationPlatforms) = postSolution
		{4BB1BE5E-7C10-4D4D-9B8A-648A47569415}.Debug|Any CPU.ActiveCfg = Debug|Any CPU
		{4BB1BE5E-7C10-4D4D-9B8A-648A47569415}.Debug|Any CPU.Build.0 = Debug|Any CPU
		{4BB1BE5E-7C10-4D4D-9B8A-648A47569415}.Debug|Mixed Platforms.ActiveCfg = Debug|Any CPU
		{4BB1BE5E-7C10-4D4D-9B8A-648A47569415}.Debug|Mixed Platforms.Build.0 = Debug|Any CPU
		{4BB1BE5E-7C10-4D4D-9B8A-648A47569415}.Debug|x86.ActiveCfg = Debug|Any CPU
		{4BB1BE5E-7C10-4D4D-9B8A-648A47569415}.Release|Any CPU.ActiveCfg = Release|Any CPU
		{4BB1BE5E-7C10-4D4D-9B8A-648A47569415}.Release|Any CPU.Build.0 = Release|Any CPU
		{4BB1BE5E-7C10-4D4D-9B8A-648A47569415}.Release|Mixed Platforms.ActiveCfg = Release|Any CPU
		{4BB1BE5E-7C10-4D4D-9B8A-648A47569415}.Release|Mixed Platforms.Build.0 = Release|Any CPU
		{4BB1BE5E-7C10-4D4D-9B8A-648A47569415}.Release|x86.ActiveCfg = Release|Any CPU
		{8B9E2F20-8A60-4639-8B65-E425F1E8B729}.Debug|Any CPU.ActiveCfg = Debug|x86
		{8B9E2F20-8A60-4639-8B65-E425F1E8B729}.Debug|Mixed Platforms.ActiveCfg = Debug|x86
		{8B9E2F20-8A60-4639-8B65-E425F1E8B729}.Debug|Mixed Platforms.Build.0 = Debug|x86
		{8B9E2F20-8A60-4639-8B65-E425F1E8B729}.Debug|x86.ActiveCfg = Debug|x86
		{8B9E2F20-8A60-4639-8B65-E425F1E8B729}.Debug|x86.Build.0 = Debug|x86
		{8B9E2F20-8A60-4639-8B65-E425F1E8B729}.Release|Any CPU.ActiveCfg = Release|x86
		{8B9E2F20-8A60-4639-8B65-E425F1E8B729}.Release|Mixed Platforms.ActiveCfg = Release|x86
		{8B9E2F20-8A60-4639-8B65-E425F1E8B729}.Release|Mixed Platforms.Build.0 = Release|x86
		{8B9E2F20-8A60-4639-8B65-E425F1E8B729}.Release|x86.ActiveCfg = Release|x86
		{8B9E2F20-8A60-4639-8B65-E425F1E8B729}.Release|x86.Build.0 = Release|x86
	EndGlobalSection
	GlobalSection(SolutionProperties) = preSolution
		HideSolutionNode = FALSE
	EndGlobalSection
EndGlobal
