
Microsoft Visual Studio Solution File, Format Version 11.00
# Visual Studio 2010
Project("{FAE04EC0-301F-11D3-BF4B-00C04F79EFBC}") = "csharpconnectoracle", "csharpconnectoracle\csharpconnectoracle.csproj", "{506E2113-D72D-42D0-B0E8-AD4D1386C128}"
EndProject
Global
	GlobalSection(SolutionConfigurationPlatforms) = preSolution
		Debug|x86 = Debug|x86
		Release|x86 = Release|x86
	EndGlobalSection
	GlobalSection(ProjectConfigurationPlatforms) = postSolution
		{506E2113-D72D-42D0-B0E8-AD4D1386C128}.Debug|x86.ActiveCfg = Debug|x86
		{506E2113-D72D-42D0-B0E8-AD4D1386C128}.Debug|x86.Build.0 = Debug|x86
		{506E2113-D72D-42D0-B0E8-AD4D1386C128}.Release|x86.ActiveCfg = Release|x86
		{506E2113-D72D-42D0-B0E8-AD4D1386C128}.Release|x86.Build.0 = Release|x86
	EndGlobalSection
	GlobalSection(SolutionProperties) = preSolution
		HideSolutionNode = FALSE
	EndGlobalSection
EndGlobal
