
Microsoft Visual Studio Solution File, Format Version 12.00
# Visual Studio 15
VisualStudioVersion = 15.0.27703.2018
MinimumVisualStudioVersion = 10.0.40219.1
Project("{FAE04EC0-301F-11D3-BF4B-00C04F79EFBC}") = "Minesweeper", "Minesweeper\Minesweeper.csproj", "{581304D7-EC5B-4D1F-89F1-9F49FF448101}"
EndProject
Global
	GlobalSection(SolutionConfigurationPlatforms) = preSolution
		Debug|Any CPU = Debug|Any CPU
		Release|Any CPU = Release|Any CPU
	EndGlobalSection
	GlobalSection(ProjectConfigurationPlatforms) = postSolution
		{581304D7-EC5B-4D1F-89F1-9F49FF448101}.Debug|Any CPU.ActiveCfg = Debug|Any CPU
		{581304D7-EC5B-4D1F-89F1-9F49FF448101}.Debug|Any CPU.Build.0 = Debug|Any CPU
		{581304D7-EC5B-4D1F-89F1-9F49FF448101}.Release|Any CPU.ActiveCfg = Release|Any CPU
		{581304D7-EC5B-4D1F-89F1-9F49FF448101}.Release|Any CPU.Build.0 = Release|Any CPU
	EndGlobalSection
	GlobalSection(SolutionProperties) = preSolution
		HideSolutionNode = FALSE
	EndGlobalSection
	GlobalSection(ExtensibilityGlobals) = postSolution
		SolutionGuid = {C1671A30-E868-4304-823C-A9F466F3AECA}
	EndGlobalSection
EndGlobal
